
Microsoft Visual Studio Solution File, Format Version 12.00
# Visual Studio Version 16
VisualStudioVersion = 16.0.31321.278
MinimumVisualStudioVersion = 10.0.40219.1
Project("{FAE04EC0-301F-11D3-BF4B-00C04F79EFBC}") = "WorkersProj", "WorkersProj.csproj", "{4954B127-A51D-4C52-B7E6-8B656C9DC565}"
EndProject
Global
	GlobalSection(SolutionConfigurationPlatforms) = preSolution
		Debug|Any CPU = Debug|Any CPU
		Release|Any CPU = Release|Any CPU
	EndGlobalSection
	GlobalSection(ProjectConfigurationPlatforms) = postSolution
		{4954B127-A51D-4C52-B7E6-8B656C9DC565}.Debug|Any CPU.ActiveCfg = Debug|Any CPU
		{4954B127-A51D-4C52-B7E6-8B656C9DC565}.Debug|Any CPU.Build.0 = Debug|Any CPU
		{4954B127-A51D-4C52-B7E6-8B656C9DC565}.Release|Any CPU.ActiveCfg = Release|Any CPU
		{4954B127-A51D-4C52-B7E6-8B656C9DC565}.Release|Any CPU.Build.0 = Release|Any CPU
	EndGlobalSection
	GlobalSection(SolutionProperties) = preSolution
		HideSolutionNode = FALSE
	EndGlobalSection
	GlobalSection(ExtensibilityGlobals) = postSolution
		SolutionGuid = {D825B474-CD7E-4094-BBAD-58B024D43F2A}
	EndGlobalSection
EndGlobal
